
Microsoft Visual Studio Solution File, Format Version 12.00
# Visual Studio Version 17
VisualStudioVersion = 17.7.34024.191
MinimumVisualStudioVersion = 10.0.40219.1
Project("{FAE04EC0-301F-11D3-BF4B-00C04F79EFBC}") = "Group8Thingy", "Group8Thingy\Group8Thingy.csproj", "{FEA1D19D-E918-4B32-8BEC-6D67DBF009F3}"
EndProject
Global
	GlobalSection(SolutionConfigurationPlatforms) = preSolution
		Debug|Any CPU = Debug|Any CPU
		Release|Any CPU = Release|Any CPU
	EndGlobalSection
	GlobalSection(ProjectConfigurationPlatforms) = postSolution
		{FEA1D19D-E918-4B32-8BEC-6D67DBF009F3}.Debug|Any CPU.ActiveCfg = Debug|Any CPU
		{FEA1D19D-E918-4B32-8BEC-6D67DBF009F3}.Debug|Any CPU.Build.0 = Debug|Any CPU
		{FEA1D19D-E918-4B32-8BEC-6D67DBF009F3}.Release|Any CPU.ActiveCfg = Release|Any CPU
		{FEA1D19D-E918-4B32-8BEC-6D67DBF009F3}.Release|Any CPU.Build.0 = Release|Any CPU
	EndGlobalSection
	GlobalSection(SolutionProperties) = preSolution
		HideSolutionNode = FALSE
	EndGlobalSection
	GlobalSection(ExtensibilityGlobals) = postSolution
		SolutionGuid = {A33113E7-1C51-440E-A308-4A69A1857AD3}
	EndGlobalSection
EndGlobal
